
Microsoft Visual Studio Solution File, Format Version 12.00
# Visual Studio Version 16
VisualStudioVersion = 16.0.31129.286
MinimumVisualStudioVersion = 10.0.40219.1
Project("{9A19103F-16F7-4668-BE54-9A1E7A4F7556}") = "ClientHttp", "ClientHttp\ClientHttp.csproj", "{5357BD38-61B5-499E-A172-7047AD3A54C4}"
EndProject
Global
	GlobalSection(SolutionConfigurationPlatforms) = preSolution
		Debug|Any CPU = Debug|Any CPU
		Release|Any CPU = Release|Any CPU
	EndGlobalSection
	GlobalSection(ProjectConfigurationPlatforms) = postSolution
		{5357BD38-61B5-499E-A172-7047AD3A54C4}.Debug|Any CPU.ActiveCfg = Debug|Any CPU
		{5357BD38-61B5-499E-A172-7047AD3A54C4}.Debug|Any CPU.Build.0 = Debug|Any CPU
		{5357BD38-61B5-499E-A172-7047AD3A54C4}.Release|Any CPU.ActiveCfg = Release|Any CPU
		{5357BD38-61B5-499E-A172-7047AD3A54C4}.Release|Any CPU.Build.0 = Release|Any CPU
	EndGlobalSection
	GlobalSection(SolutionProperties) = preSolution
		HideSolutionNode = FALSE
	EndGlobalSection
	GlobalSection(ExtensibilityGlobals) = postSolution
		SolutionGuid = {947CE772-187B-4120-950E-52C983BB2A48}
	EndGlobalSection
EndGlobal
