
Microsoft Visual Studio Solution File, Format Version 12.00
# Visual Studio Version 16
VisualStudioVersion = 16.0.31129.286
MinimumVisualStudioVersion = 10.0.40219.1
Project("{FAE04EC0-301F-11D3-BF4B-00C04F79EFBC}") = "HttpClientWPF", "HttpClientWPF\HttpClientWPF.csproj", "{48E97233-AA6C-4825-B7F4-6A70ABAFBC63}"
EndProject
Project("{9A19103F-16F7-4668-BE54-9A1E7A4F7556}") = "ClientHttp", "..\..\ClientHttp\ClientHttp\ClientHttp.csproj", "{CD07945E-E90C-4224-B675-1FB3AC145F9C}"
EndProject
Global
	GlobalSection(SolutionConfigurationPlatforms) = preSolution
		Debug|Any CPU = Debug|Any CPU
		Release|Any CPU = Release|Any CPU
	EndGlobalSection
	GlobalSection(ProjectConfigurationPlatforms) = postSolution
		{48E97233-AA6C-4825-B7F4-6A70ABAFBC63}.Debug|Any CPU.ActiveCfg = Debug|Any CPU
		{48E97233-AA6C-4825-B7F4-6A70ABAFBC63}.Debug|Any CPU.Build.0 = Debug|Any CPU
		{48E97233-AA6C-4825-B7F4-6A70ABAFBC63}.Release|Any CPU.ActiveCfg = Release|Any CPU
		{48E97233-AA6C-4825-B7F4-6A70ABAFBC63}.Release|Any CPU.Build.0 = Release|Any CPU
		{CD07945E-E90C-4224-B675-1FB3AC145F9C}.Debug|Any CPU.ActiveCfg = Debug|Any CPU
		{CD07945E-E90C-4224-B675-1FB3AC145F9C}.Debug|Any CPU.Build.0 = Debug|Any CPU
		{CD07945E-E90C-4224-B675-1FB3AC145F9C}.Release|Any CPU.ActiveCfg = Release|Any CPU
		{CD07945E-E90C-4224-B675-1FB3AC145F9C}.Release|Any CPU.Build.0 = Release|Any CPU
	EndGlobalSection
	GlobalSection(SolutionProperties) = preSolution
		HideSolutionNode = FALSE
	EndGlobalSection
	GlobalSection(ExtensibilityGlobals) = postSolution
		SolutionGuid = {71AD629F-EDCF-4651-96DC-9459C499519A}
	EndGlobalSection
EndGlobal
